
Microsoft Visual Studio Solution File, Format Version 12.00
# Visual Studio Version 17
VisualStudioVersion = 17.6.33723.286
MinimumVisualStudioVersion = 10.0.40219.1
Project("{FAE04EC0-301F-11D3-BF4B-00C04F79EFBC}") = "aula28", "aula28.csproj", "{183B3DA0-D3DE-4E3F-BC97-C50440AA1686}"
EndProject
Global
	GlobalSection(SolutionConfigurationPlatforms) = preSolution
		Debug|Any CPU = Debug|Any CPU
		Release|Any CPU = Release|Any CPU
	EndGlobalSection
	GlobalSection(ProjectConfigurationPlatforms) = postSolution
		{183B3DA0-D3DE-4E3F-BC97-C50440AA1686}.Debug|Any CPU.ActiveCfg = Debug|Any CPU
		{183B3DA0-D3DE-4E3F-BC97-C50440AA1686}.Debug|Any CPU.Build.0 = Debug|Any CPU
		{183B3DA0-D3DE-4E3F-BC97-C50440AA1686}.Debug|Any CPU.Deploy.0 = Debug|Any CPU
		{183B3DA0-D3DE-4E3F-BC97-C50440AA1686}.Release|Any CPU.ActiveCfg = Release|Any CPU
		{183B3DA0-D3DE-4E3F-BC97-C50440AA1686}.Release|Any CPU.Build.0 = Release|Any CPU
		{183B3DA0-D3DE-4E3F-BC97-C50440AA1686}.Release|Any CPU.Deploy.0 = Release|Any CPU
	EndGlobalSection
	GlobalSection(SolutionProperties) = preSolution
		HideSolutionNode = FALSE
	EndGlobalSection
	GlobalSection(ExtensibilityGlobals) = postSolution
		SolutionGuid = {0641F7E7-490C-4D83-AEC0-377D99D1C9FE}
	EndGlobalSection
EndGlobal
