
Microsoft Visual Studio Solution File, Format Version 12.00
# Visual Studio Version 17
VisualStudioVersion = 17.6.33723.286
MinimumVisualStudioVersion = 10.0.40219.1
Project("{FAE04EC0-301F-11D3-BF4B-00C04F79EFBC}") = "aula29", "aula29.csproj", "{F675D771-00B7-4F8B-B816-93F6E9CBDAD8}"
EndProject
Global
	GlobalSection(SolutionConfigurationPlatforms) = preSolution
		Debug|Any CPU = Debug|Any CPU
		Release|Any CPU = Release|Any CPU
	EndGlobalSection
	GlobalSection(ProjectConfigurationPlatforms) = postSolution
		{F675D771-00B7-4F8B-B816-93F6E9CBDAD8}.Debug|Any CPU.ActiveCfg = Debug|Any CPU
		{F675D771-00B7-4F8B-B816-93F6E9CBDAD8}.Debug|Any CPU.Build.0 = Debug|Any CPU
		{F675D771-00B7-4F8B-B816-93F6E9CBDAD8}.Release|Any CPU.ActiveCfg = Release|Any CPU
		{F675D771-00B7-4F8B-B816-93F6E9CBDAD8}.Release|Any CPU.Build.0 = Release|Any CPU
	EndGlobalSection
	GlobalSection(SolutionProperties) = preSolution
		HideSolutionNode = FALSE
	EndGlobalSection
	GlobalSection(ExtensibilityGlobals) = postSolution
		SolutionGuid = {55BE4271-7BB4-4259-BEC0-42D057A5F7D3}
	EndGlobalSection
EndGlobal
